
Microsoft Visual Studio Solution File, Format Version 12.00
# Visual Studio Version 17
VisualStudioVersion = 17.5.002.0
MinimumVisualStudioVersion = 10.0.40219.1
Project("{9A19103F-16F7-4668-BE54-9A1E7A4F7556}") = "event-finder-api", "event-finder-api.csproj", "{EC7D2A79-72EC-4EB7-A4B6-E01B7D818348}"
EndProject
Global
	GlobalSection(SolutionConfigurationPlatforms) = preSolution
		Debug|Any CPU = Debug|Any CPU
		Release|Any CPU = Release|Any CPU
	EndGlobalSection
	GlobalSection(ProjectConfigurationPlatforms) = postSolution
		{EC7D2A79-72EC-4EB7-A4B6-E01B7D818348}.Debug|Any CPU.ActiveCfg = Debug|Any CPU
		{EC7D2A79-72EC-4EB7-A4B6-E01B7D818348}.Debug|Any CPU.Build.0 = Debug|Any CPU
		{EC7D2A79-72EC-4EB7-A4B6-E01B7D818348}.Release|Any CPU.ActiveCfg = Release|Any CPU
		{EC7D2A79-72EC-4EB7-A4B6-E01B7D818348}.Release|Any CPU.Build.0 = Release|Any CPU
	EndGlobalSection
	GlobalSection(SolutionProperties) = preSolution
		HideSolutionNode = FALSE
	EndGlobalSection
	GlobalSection(ExtensibilityGlobals) = postSolution
		SolutionGuid = {8BBF0650-FB40-4996-B175-E32808A777E1}
	EndGlobalSection
EndGlobal
